
Microsoft Visual Studio Solution File, Format Version 12.00
# Visual Studio Version 17
VisualStudioVersion = 17.4.33205.214
MinimumVisualStudioVersion = 10.0.40219.1
Project("{FAE04EC0-301F-11D3-BF4B-00C04F79EFBC}") = "Blazor3D.Web.MVC", "Blazor3D.Web.MVC\Blazor3D.Web.MVC.csproj", "{127380A1-4F4A-415E-B3B3-4FD17AA741F2}"
EndProject
Global
	GlobalSection(SolutionConfigurationPlatforms) = preSolution
		Debug|Any CPU = Debug|Any CPU
		Release|Any CPU = Release|Any CPU
	EndGlobalSection
	GlobalSection(ProjectConfigurationPlatforms) = postSolution
		{127380A1-4F4A-415E-B3B3-4FD17AA741F2}.Debug|Any CPU.ActiveCfg = Debug|Any CPU
		{127380A1-4F4A-415E-B3B3-4FD17AA741F2}.Debug|Any CPU.Build.0 = Debug|Any CPU
		{127380A1-4F4A-415E-B3B3-4FD17AA741F2}.Release|Any CPU.ActiveCfg = Release|Any CPU
		{127380A1-4F4A-415E-B3B3-4FD17AA741F2}.Release|Any CPU.Build.0 = Release|Any CPU
	EndGlobalSection
	GlobalSection(SolutionProperties) = preSolution
		HideSolutionNode = FALSE
	EndGlobalSection
	GlobalSection(ExtensibilityGlobals) = postSolution
		SolutionGuid = {04F50DD8-23E4-4EEC-BAC5-C5DF4CC3CFFA}
	EndGlobalSection
EndGlobal
