
Microsoft Visual Studio Solution File, Format Version 12.00
# Visual Studio Version 17
VisualStudioVersion = 17.2.32505.173
MinimumVisualStudioVersion = 10.0.40219.1
Project("{FAE04EC0-301F-11D3-BF4B-00C04F79EFBC}") = "Blazor3D.Viewer", "Blazor3D.Viewer\Blazor3D.Viewer.csproj", "{49A9AC12-2D77-4462-BF45-167F6CE2C226}"
EndProject
Project("{FAE04EC0-301F-11D3-BF4B-00C04F79EFBC}") = "TestWebAsm", "TestWebAsm\TestWebAsm.csproj", "{B6536EF2-FBFD-4CA5-A89A-E098600F5796}"
EndProject
Project("{FAE04EC0-301F-11D3-BF4B-00C04F79EFBC}") = "TestServer", "TestServer\TestServer.csproj", "{CC396385-BA20-4B3C-98AF-963160281B20}"
EndProject
Global
	GlobalSection(SolutionConfigurationPlatforms) = preSolution
		Debug|Any CPU = Debug|Any CPU
		Release|Any CPU = Release|Any CPU
	EndGlobalSection
	GlobalSection(ProjectConfigurationPlatforms) = postSolution
		{49A9AC12-2D77-4462-BF45-167F6CE2C226}.Debug|Any CPU.ActiveCfg = Debug|Any CPU
		{49A9AC12-2D77-4462-BF45-167F6CE2C226}.Debug|Any CPU.Build.0 = Debug|Any CPU
		{49A9AC12-2D77-4462-BF45-167F6CE2C226}.Release|Any CPU.ActiveCfg = Release|Any CPU
		{49A9AC12-2D77-4462-BF45-167F6CE2C226}.Release|Any CPU.Build.0 = Release|Any CPU
		{B6536EF2-FBFD-4CA5-A89A-E098600F5796}.Debug|Any CPU.ActiveCfg = Debug|Any CPU
		{B6536EF2-FBFD-4CA5-A89A-E098600F5796}.Debug|Any CPU.Build.0 = Debug|Any CPU
		{B6536EF2-FBFD-4CA5-A89A-E098600F5796}.Release|Any CPU.ActiveCfg = Release|Any CPU
		{B6536EF2-FBFD-4CA5-A89A-E098600F5796}.Release|Any CPU.Build.0 = Release|Any CPU
		{CC396385-BA20-4B3C-98AF-963160281B20}.Debug|Any CPU.ActiveCfg = Debug|Any CPU
		{CC396385-BA20-4B3C-98AF-963160281B20}.Debug|Any CPU.Build.0 = Debug|Any CPU
		{CC396385-BA20-4B3C-98AF-963160281B20}.Release|Any CPU.ActiveCfg = Release|Any CPU
		{CC396385-BA20-4B3C-98AF-963160281B20}.Release|Any CPU.Build.0 = Release|Any CPU
	EndGlobalSection
	GlobalSection(SolutionProperties) = preSolution
		HideSolutionNode = FALSE
	EndGlobalSection
	GlobalSection(ExtensibilityGlobals) = postSolution
		SolutionGuid = {3D4E6CCE-4405-49FA-B226-ED0F28169FDC}
	EndGlobalSection
EndGlobal
